# THIS IS AN AUTOGENERATED FILE. DO NOT EDIT THIS FILE DIRECTLY.
# yarn lockfile v1


"@rdf-esm/data-model@^0.5.4":
  version "0.5.4"
  resolved "https://registry.yarnpkg.com/@rdf-esm/data-model/-/data-model-0.5.4.tgz#bd0f7aba4415240387f26ef0cd05ebb6b444f47f"
  integrity sha512-EINrtebCO6aT9e8vLmkaFFs317sCRj9cdFlKexvZA+7bLwcKrmcQLwC+nnnyBurtypHzWlokbLvp1SZHQWiH3w==
  dependencies:
    "@rdfjs/data-model" "^1.2"

"@rdfjs/data-model@^1.2":
  version "1.2.0"
  resolved "https://registry.yarnpkg.com/@rdfjs/data-model/-/data-model-1.2.0.tgz#1daa39f26d48e0ec4d6a60fc4150db7d7ef1bab2"
  integrity sha512-6ITWcu2sr9zJqXUPDm1XJ8DRpea7PotWBIkTzuO1MCSruLOWH2ICoQOAtlJy30cT+GqH9oAQKPR+CHXejsdizA==
  dependencies:
    "@types/rdf-js" "*"

"@types/node@*":
  version "14.14.37"
  resolved "https://registry.yarnpkg.com/@types/node/-/node-14.14.37.tgz#a3dd8da4eb84a996c36e331df98d82abd76b516e"
  integrity sha512-XYmBiy+ohOR4Lh5jE379fV2IU+6Jn4g5qASinhitfyO71b/sCo6MKsMLF5tc7Zf2CE8hViVQyYSobJNke8OvUw==

"@types/rdf-js@*":
  version "4.0.1"
  resolved "https://registry.yarnpkg.com/@types/rdf-js/-/rdf-js-4.0.1.tgz#bf89dfc080e292f06273f059b3a82e5e69fec4c0"
  integrity sha512-S+28+3RoFI+3arls7dS813gYnhb2HiyLX+gs00rgIvCzHU93DaYajhx4tyT+XEO8SjtzZw90OF4OVdYXBwbvkQ==
  dependencies:
    "@types/node" "*"
